// !$*UTF8*$!
{
	archiveVersion = 1;
	classes = {
	};
	objectVersion = 55;
	objects = {

/* Begin PBXBuildFile section */
		351CF55E2823E6DF00561AAF /* hikeData.json in Resources */ = {isa = PBXBuildFile; fileRef = 351CF55D2823E6DF00561AAF /* hikeData.json */; };
		351CF5602823E6FF00561AAF /* Hike.swift in Sources */ = {isa = PBXBuildFile; fileRef = 351CF55F2823E6FF00561AAF /* Hike.swift */; };
		351CF5662823E7DA00561AAF /* GraphCapsule.swift in Sources */ = {isa = PBXBuildFile; fileRef = 351CF5622823E7DA00561AAF /* GraphCapsule.swift */; };
		351CF5672823E7DA00561AAF /* HikeGraph.swift in Sources */ = {isa = PBXBuildFile; fileRef = 351CF5632823E7DA00561AAF /* HikeGraph.swift */; };
		351CF5682823E7DA00561AAF /* HikeDetail.swift in Sources */ = {isa = PBXBuildFile; fileRef = 351CF5642823E7DA00561AAF /* HikeDetail.swift */; };
		351CF5692823E7DA00561AAF /* HikeView.swift in Sources */ = {isa = PBXBuildFile; fileRef = 351CF5652823E7DA00561AAF /* HikeView.swift */; };
		3546ABC928204F2500F34B01 /* FavoriteButton.swift in Sources */ = {isa = PBXBuildFile; fileRef = 3546ABC828204F2500F34B01 /* FavoriteButton.swift */; };
		355F7E5928294F44008B33A0 /* Profile.swift in Sources */ = {isa = PBXBuildFile; fileRef = 355F7E5828294F44008B33A0 /* Profile.swift */; };
		355F7E5C28294F9A008B33A0 /* ProfileHost.swift in Sources */ = {isa = PBXBuildFile; fileRef = 355F7E5B28294F9A008B33A0 /* ProfileHost.swift */; };
		355F7E5E282953E1008B33A0 /* ProfileSummary.swift in Sources */ = {isa = PBXBuildFile; fileRef = 355F7E5D282953E1008B33A0 /* ProfileSummary.swift */; };
		355F7E60282954E3008B33A0 /* HikeBadge.swift in Sources */ = {isa = PBXBuildFile; fileRef = 355F7E5F282954E3008B33A0 /* HikeBadge.swift */; };
		355F7E6228295AF3008B33A0 /* ProfileEditor.swift in Sources */ = {isa = PBXBuildFile; fileRef = 355F7E6128295AF3008B33A0 /* ProfileEditor.swift */; };
		357532822825B0270004D92F /* CategoryHome.swift in Sources */ = {isa = PBXBuildFile; fileRef = 357532812825B0270004D92F /* CategoryHome.swift */; };
		357532852825B29A0004D92F /* CategoryRow.swift in Sources */ = {isa = PBXBuildFile; fileRef = 357532842825B29A0004D92F /* CategoryRow.swift */; };
		357532872825B4080004D92F /* CategoryItem.swift in Sources */ = {isa = PBXBuildFile; fileRef = 357532862825B4080004D92F /* CategoryItem.swift */; };
		358E0BFE2820229C00148234 /* LandmarksApp.swift in Sources */ = {isa = PBXBuildFile; fileRef = 358E0BFD2820229C00148234 /* LandmarksApp.swift */; };
		358E0C002820229C00148234 /* ContentView.swift in Sources */ = {isa = PBXBuildFile; fileRef = 358E0BFF2820229C00148234 /* ContentView.swift */; };
		358E0C022820229D00148234 /* Assets.xcassets in Resources */ = {isa = PBXBuildFile; fileRef = 358E0C012820229D00148234 /* Assets.xcassets */; };
		358E0C052820229D00148234 /* Preview Assets.xcassets in Resources */ = {isa = PBXBuildFile; fileRef = 358E0C042820229D00148234 /* Preview Assets.xcassets */; };
		358E0C0C2820251A00148234 /* CircleImage.swift in Sources */ = {isa = PBXBuildFile; fileRef = 358E0C0B2820251A00148234 /* CircleImage.swift */; };
		358E0C0E2820257C00148234 /* MapView.swift in Sources */ = {isa = PBXBuildFile; fileRef = 358E0C0D2820257C00148234 /* MapView.swift */; };
		358E0C102820269800148234 /* landmarkData.json in Resources */ = {isa = PBXBuildFile; fileRef = 358E0C0F2820269800148234 /* landmarkData.json */; };
		358E0C12282026B800148234 /* Landmark.swift in Sources */ = {isa = PBXBuildFile; fileRef = 358E0C11282026B800148234 /* Landmark.swift */; };
		358E0C14282027B200148234 /* ModelData.swift in Sources */ = {isa = PBXBuildFile; fileRef = 358E0C13282027B200148234 /* ModelData.swift */; };
		358E0C192820284600148234 /* LandmarkRow.swift in Sources */ = {isa = PBXBuildFile; fileRef = 358E0C182820284600148234 /* LandmarkRow.swift */; };
		358E0C1B282029ED00148234 /* LandmarkList.swift in Sources */ = {isa = PBXBuildFile; fileRef = 358E0C1A282029ED00148234 /* LandmarkList.swift */; };
		358E0C1D28202A8800148234 /* LandmarkDetail.swift in Sources */ = {isa = PBXBuildFile; fileRef = 358E0C1C28202A8800148234 /* LandmarkDetail.swift */; };
		35958E26282B415A008313DC /* PageViewController.swift in Sources */ = {isa = PBXBuildFile; fileRef = 35958E25282B415A008313DC /* PageViewController.swift */; };
		35958E28282B43D9008313DC /* FeatureCard.swift in Sources */ = {isa = PBXBuildFile; fileRef = 35958E27282B43D9008313DC /* FeatureCard.swift */; };
		35958E2A282B4573008313DC /* PageView.swift in Sources */ = {isa = PBXBuildFile; fileRef = 35958E29282B4573008313DC /* PageView.swift */; };
		35958E2C282B4AA9008313DC /* PageControl.swift in Sources */ = {isa = PBXBuildFile; fileRef = 35958E2B282B4AA9008313DC /* PageControl.swift */; };
		35CCC9F22822AD8B00FB7B53 /* HexagonParameters.swift in Sources */ = {isa = PBXBuildFile; fileRef = 35CCC9F12822AD8B00FB7B53 /* HexagonParameters.swift */; };
		35CCC9F42822AEEB00FB7B53 /* BadgeBackground.swift in Sources */ = {isa = PBXBuildFile; fileRef = 35CCC9F32822AEEB00FB7B53 /* BadgeBackground.swift */; };
		35CCC9F62822B44700FB7B53 /* BadgeSymbol.swift in Sources */ = {isa = PBXBuildFile; fileRef = 35CCC9F52822B44700FB7B53 /* BadgeSymbol.swift */; };
		35CCC9F82822B51F00FB7B53 /* RotatedBadgeSymbol.swift in Sources */ = {isa = PBXBuildFile; fileRef = 35CCC9F72822B51F00FB7B53 /* RotatedBadgeSymbol.swift */; };
		35CCC9FA2822B5AC00FB7B53 /* Badge.swift in Sources */ = {isa = PBXBuildFile; fileRef = 35CCC9F92822B5AC00FB7B53 /* Badge.swift */; };
/* End PBXBuildFile section */

/* Begin PBXFileReference section */
		351CF55D2823E6DF00561AAF /* hikeData.json */ = {isa = PBXFileReference; fileEncoding = 4; lastKnownFileType = text.json; path = hikeData.json; sourceTree = "<group>"; };
		351CF55F2823E6FF00561AAF /* Hike.swift */ = {isa = PBXFileReference; lastKnownFileType = sourcecode.swift; path = Hike.swift; sourceTree = "<group>"; };
		351CF5622823E7DA00561AAF /* GraphCapsule.swift */ = {isa = PBXFileReference; fileEncoding = 4; lastKnownFileType = sourcecode.swift; path = GraphCapsule.swift; sourceTree = "<group>"; };
		351CF5632823E7DA00561AAF /* HikeGraph.swift */ = {isa = PBXFileReference; fileEncoding = 4; lastKnownFileType = sourcecode.swift; path = HikeGraph.swift; sourceTree = "<group>"; };
		351CF5642823E7DA00561AAF /* HikeDetail.swift */ = {isa = PBXFileReference; fileEncoding = 4; lastKnownFileType = sourcecode.swift; path = HikeDetail.swift; sourceTree = "<group>"; };
		351CF5652823E7DA00561AAF /* HikeView.swift */ = {isa = PBXFileReference; fileEncoding = 4; lastKnownFileType = sourcecode.swift; path = HikeView.swift; sourceTree = "<group>"; };
		3546ABC828204F2500F34B01 /* FavoriteButton.swift */ = {isa = PBXFileReference; lastKnownFileType = sourcecode.swift; path = FavoriteButton.swift; sourceTree = "<group>"; };
		355F7E5828294F44008B33A0 /* Profile.swift */ = {isa = PBXFileReference; lastKnownFileType = sourcecode.swift; path = Profile.swift; sourceTree = "<group>"; };
		355F7E5B28294F9A008B33A0 /* ProfileHost.swift */ = {isa = PBXFileReference; lastKnownFileType = sourcecode.swift; path = ProfileHost.swift; sourceTree = "<group>"; };
		355F7E5D282953E1008B33A0 /* ProfileSummary.swift */ = {isa = PBXFileReference; lastKnownFileType = sourcecode.swift; path = ProfileSummary.swift; sourceTree = "<group>"; };
		355F7E5F282954E3008B33A0 /* HikeBadge.swift */ = {isa = PBXFileReference; lastKnownFileType = sourcecode.swift; path = HikeBadge.swift; sourceTree = "<group>"; };
		355F7E6128295AF3008B33A0 /* ProfileEditor.swift */ = {isa = PBXFileReference; lastKnownFileType = sourcecode.swift; path = ProfileEditor.swift; sourceTree = "<group>"; };
		357532812825B0270004D92F /* CategoryHome.swift */ = {isa = PBXFileReference; lastKnownFileType = sourcecode.swift; path = CategoryHome.swift; sourceTree = "<group>"; };
		357532842825B29A0004D92F /* CategoryRow.swift */ = {isa = PBXFileReference; lastKnownFileType = sourcecode.swift; path = CategoryRow.swift; sourceTree = "<group>"; };
		357532862825B4080004D92F /* CategoryItem.swift */ = {isa = PBXFileReference; lastKnownFileType = sourcecode.swift; path = CategoryItem.swift; sourceTree = "<group>"; };
		358E0BFA2820229C00148234 /* Landmarks.app */ = {isa = PBXFileReference; explicitFileType = wrapper.application; includeInIndex = 0; path = Landmarks.app; sourceTree = BUILT_PRODUCTS_DIR; };
		358E0BFD2820229C00148234 /* LandmarksApp.swift */ = {isa = PBXFileReference; lastKnownFileType = sourcecode.swift; path = LandmarksApp.swift; sourceTree = "<group>"; };
		358E0BFF2820229C00148234 /* ContentView.swift */ = {isa = PBXFileReference; lastKnownFileType = sourcecode.swift; path = ContentView.swift; sourceTree = "<group>"; };
		358E0C012820229D00148234 /* Assets.xcassets */ = {isa = PBXFileReference; lastKnownFileType = folder.assetcatalog; path = Assets.xcassets; sourceTree = "<group>"; };
		358E0C042820229D00148234 /* Preview Assets.xcassets */ = {isa = PBXFileReference; lastKnownFileType = folder.assetcatalog; path = "Preview Assets.xcassets"; sourceTree = "<group>"; };
		358E0C0B2820251A00148234 /* CircleImage.swift */ = {isa = PBXFileReference; lastKnownFileType = sourcecode.swift; path = CircleImage.swift; sourceTree = "<group>"; };
		358E0C0D2820257C00148234 /* MapView.swift */ = {isa = PBXFileReference; lastKnownFileType = sourcecode.swift; path = MapView.swift; sourceTree = "<group>"; };
		358E0C0F2820269800148234 /* landmarkData.json */ = {isa = PBXFileReference; fileEncoding = 4; lastKnownFileType = text.json; path = landmarkData.json; sourceTree = "<group>"; };
		358E0C11282026B800148234 /* Landmark.swift */ = {isa = PBXFileReference; lastKnownFileType = sourcecode.swift; path = Landmark.swift; sourceTree = "<group>"; };
		358E0C13282027B200148234 /* ModelData.swift */ = {isa = PBXFileReference; lastKnownFileType = sourcecode.swift; path = ModelData.swift; sourceTree = "<group>"; };
		358E0C182820284600148234 /* LandmarkRow.swift */ = {isa = PBXFileReference; lastKnownFileType = sourcecode.swift; path = LandmarkRow.swift; sourceTree = "<group>"; };
		358E0C1A282029ED00148234 /* LandmarkList.swift */ = {isa = PBXFileReference; lastKnownFileType = sourcecode.swift; path = LandmarkList.swift; sourceTree = "<group>"; };
		358E0C1C28202A8800148234 /* LandmarkDetail.swift */ = {isa = PBXFileReference; lastKnownFileType = sourcecode.swift; path = LandmarkDetail.swift; sourceTree = "<group>"; };
		35958E25282B415A008313DC /* PageViewController.swift */ = {isa = PBXFileReference; lastKnownFileType = sourcecode.swift; path = PageViewController.swift; sourceTree = "<group>"; };
		35958E27282B43D9008313DC /* FeatureCard.swift */ = {isa = PBXFileReference; lastKnownFileType = sourcecode.swift; path = FeatureCard.swift; sourceTree = "<group>"; };
		35958E29282B4573008313DC /* PageView.swift */ = {isa = PBXFileReference; lastKnownFileType = sourcecode.swift; path = PageView.swift; sourceTree = "<group>"; };
		35958E2B282B4AA9008313DC /* PageControl.swift */ = {isa = PBXFileReference; lastKnownFileType = sourcecode.swift; path = PageControl.swift; sourceTree = "<group>"; };
		35CCC9F12822AD8B00FB7B53 /* HexagonParameters.swift */ = {isa = PBXFileReference; lastKnownFileType = sourcecode.swift; path = HexagonParameters.swift; sourceTree = "<group>"; };
		35CCC9F32822AEEB00FB7B53 /* BadgeBackground.swift */ = {isa = PBXFileReference; lastKnownFileType = sourcecode.swift; path = BadgeBackground.swift; sourceTree = "<group>"; };
		35CCC9F52822B44700FB7B53 /* BadgeSymbol.swift */ = {isa = PBXFileReference; lastKnownFileType = sourcecode.swift; path = BadgeSymbol.swift; sourceTree = "<group>"; };
		35CCC9F72822B51F00FB7B53 /* RotatedBadgeSymbol.swift */ = {isa = PBXFileReference; lastKnownFileType = sourcecode.swift; path = RotatedBadgeSymbol.swift; sourceTree = "<group>"; };
		35CCC9F92822B5AC00FB7B53 /* Badge.swift */ = {isa = PBXFileReference; lastKnownFileType = sourcecode.swift; path = Badge.swift; sourceTree = "<group>"; };
/* End PBXFileReference section */

/* Begin PBXFrameworksBuildPhase section */
		358E0BF72820229C00148234 /* Frameworks */ = {
			isa = PBXFrameworksBuildPhase;
			buildActionMask = 2147483647;
			files = (
			);
			runOnlyForDeploymentPostprocessing = 0;
		};
/* End PBXFrameworksBuildPhase section */

/* Begin PBXGroup section */
		351CF5612823E7DA00561AAF /* Hikes */ = {
			isa = PBXGroup;
			children = (
				351CF5622823E7DA00561AAF /* GraphCapsule.swift */,
				351CF5632823E7DA00561AAF /* HikeGraph.swift */,
				351CF5642823E7DA00561AAF /* HikeDetail.swift */,
				351CF5652823E7DA00561AAF /* HikeView.swift */,
				355F7E5F282954E3008B33A0 /* HikeBadge.swift */,
			);
			path = Hikes;
			sourceTree = "<group>";
		};
		355F7E5A28294F64008B33A0 /* Profiles */ = {
			isa = PBXGroup;
			children = (
				355F7E5B28294F9A008B33A0 /* ProfileHost.swift */,
				355F7E6128295AF3008B33A0 /* ProfileEditor.swift */,
				355F7E5D282953E1008B33A0 /* ProfileSummary.swift */,
			);
			path = Profiles;
			sourceTree = "<group>";
		};
		357532832825B02B0004D92F /* Categories */ = {
			isa = PBXGroup;
			children = (
				357532812825B0270004D92F /* CategoryHome.swift */,
				357532842825B29A0004D92F /* CategoryRow.swift */,
				357532862825B4080004D92F /* CategoryItem.swift */,
			);
			path = Categories;
			sourceTree = "<group>";
		};
		357FE11728204FEF00D9877A /* Helpers */ = {
			isa = PBXGroup;
			children = (
				358E0C0B2820251A00148234 /* CircleImage.swift */,
				358E0C0D2820257C00148234 /* MapView.swift */,
				3546ABC828204F2500F34B01 /* FavoriteButton.swift */,
			);
			path = Helpers;
			sourceTree = "<group>";
		};
		357FE11828204FFA00D9877A /* Landmarks */ = {
			isa = PBXGroup;
			children = (
				358E0C182820284600148234 /* LandmarkRow.swift */,
				358E0C1A282029ED00148234 /* LandmarkList.swift */,
				358E0C1C28202A8800148234 /* LandmarkDetail.swift */,
			);
			path = Landmarks;
			sourceTree = "<group>";
		};
		358E0BF12820229C00148234 = {
			isa = PBXGroup;
			children = (
				358E0BFC2820229C00148234 /* Landmarks */,
				358E0BFB2820229C00148234 /* Products */,
			);
			sourceTree = "<group>";
		};
		358E0BFB2820229C00148234 /* Products */ = {
			isa = PBXGroup;
			children = (
				358E0BFA2820229C00148234 /* Landmarks.app */,
			);
			name = Products;
			sourceTree = "<group>";
		};
		358E0BFC2820229C00148234 /* Landmarks */ = {
			isa = PBXGroup;
			children = (
				358E0BFD2820229C00148234 /* LandmarksApp.swift */,
				358E0C15282027DB00148234 /* Views */,
				358E0C16282027FE00148234 /* Model */,
				358E0C172820280D00148234 /* Resources */,
				358E0C012820229D00148234 /* Assets.xcassets */,
				358E0C032820229D00148234 /* Preview Content */,
			);
			path = Landmarks;
			sourceTree = "<group>";
		};
		358E0C032820229D00148234 /* Preview Content */ = {
			isa = PBXGroup;
			children = (
				358E0C042820229D00148234 /* Preview Assets.xcassets */,
			);
			path = "Preview Content";
			sourceTree = "<group>";
		};
		358E0C15282027DB00148234 /* Views */ = {
			isa = PBXGroup;
			children = (
				358E0BFF2820229C00148234 /* ContentView.swift */,
				35958E24282B3F80008313DC /* PageView */,
				357532832825B02B0004D92F /* Categories */,
				35CCC9FB2822B7DD00FB7B53 /* Badges */,
				357FE11828204FFA00D9877A /* Landmarks */,
				351CF5612823E7DA00561AAF /* Hikes */,
				357FE11728204FEF00D9877A /* Helpers */,
				355F7E5A28294F64008B33A0 /* Profiles */,
			);
			path = Views;
			sourceTree = "<group>";
		};
		358E0C16282027FE00148234 /* Model */ = {
			isa = PBXGroup;
			children = (
				358E0C11282026B800148234 /* Landmark.swift */,
				35958E27282B43D9008313DC /* FeatureCard.swift */,
				35958E29282B4573008313DC /* PageView.swift */,
				351CF55F2823E6FF00561AAF /* Hike.swift */,
				358E0C13282027B200148234 /* ModelData.swift */,
				355F7E5828294F44008B33A0 /* Profile.swift */,
			);
			path = Model;
			sourceTree = "<group>";
		};
		358E0C172820280D00148234 /* Resources */ = {
			isa = PBXGroup;
			children = (
				351CF55D2823E6DF00561AAF /* hikeData.json */,
				358E0C0F2820269800148234 /* landmarkData.json */,
			);
			path = Resources;
			sourceTree = "<group>";
		};
		35958E24282B3F80008313DC /* PageView */ = {
			isa = PBXGroup;
			children = (
				35958E25282B415A008313DC /* PageViewController.swift */,
				35958E2B282B4AA9008313DC /* PageControl.swift */,
			);
			path = PageView;
			sourceTree = "<group>";
		};
		35CCC9FB2822B7DD00FB7B53 /* Badges */ = {
			isa = PBXGroup;
			children = (
				35CCC9F12822AD8B00FB7B53 /* HexagonParameters.swift */,
				35CCC9F32822AEEB00FB7B53 /* BadgeBackground.swift */,
				35CCC9F52822B44700FB7B53 /* BadgeSymbol.swift */,
				35CCC9F72822B51F00FB7B53 /* RotatedBadgeSymbol.swift */,
				35CCC9F92822B5AC00FB7B53 /* Badge.swift */,
			);
			path = Badges;
			sourceTree = "<group>";
		};
/* End PBXGroup section */

/* Begin PBXNativeTarget section */
		358E0BF92820229C00148234 /* Landmarks */ = {
			isa = PBXNativeTarget;
			buildConfigurationList = 358E0C082820229D00148234 /* Build configuration list for PBXNativeTarget "Landmarks" */;
			buildPhases = (
				358E0BF62820229C00148234 /* Sources */,
				358E0BF72820229C00148234 /* Frameworks */,
				358E0BF82820229C00148234 /* Resources */,
			);
			buildRules = (
			);
			dependencies = (
			);
			name = Landmarks;
			productName = Landmarks;
			productReference = 358E0BFA2820229C00148234 /* Landmarks.app */;
			productType = "com.apple.product-type.application";
		};
/* End PBXNativeTarget section */

/* Begin PBXProject section */
		358E0BF22820229C00148234 /* Project object */ = {
			isa = PBXProject;
			attributes = {
				BuildIndependentTargetsInParallel = 1;
				LastSwiftUpdateCheck = 1330;
				LastUpgradeCheck = 1330;
				TargetAttributes = {
					358E0BF92820229C00148234 = {
						CreatedOnToolsVersion = 13.3.1;
					};
				};
			};
			buildConfigurationList = 358E0BF52820229C00148234 /* Build configuration list for PBXProject "Landmarks" */;
			compatibilityVersion = "Xcode 13.0";
			developmentRegion = en;
			hasScannedForEncodings = 0;
			knownRegions = (
				en,
				Base,
			);
			mainGroup = 358E0BF12820229C00148234;
			productRefGroup = 358E0BFB2820229C00148234 /* Products */;
			projectDirPath = "";
			projectRoot = "";
			targets = (
				358E0BF92820229C00148234 /* Landmarks */,
			);
		};
/* End PBXProject section */

/* Begin PBXResourcesBuildPhase section */
		358E0BF82820229C00148234 /* Resources */ = {
			isa = PBXResourcesBuildPhase;
			buildActionMask = 2147483647;
			files = (
				351CF55E2823E6DF00561AAF /* hikeData.json in Resources */,
				358E0C052820229D00148234 /* Preview Assets.xcassets in Resources */,
				358E0C022820229D00148234 /* Assets.xcassets in Resources */,
				358E0C102820269800148234 /* landmarkData.json in Resources */,
			);
			runOnlyForDeploymentPostprocessing = 0;
		};
/* End PBXResourcesBuildPhase section */

/* Begin PBXSourcesBuildPhase section */
		358E0BF62820229C00148234 /* Sources */ = {
			isa = PBXSourcesBuildPhase;
			buildActionMask = 2147483647;
			files = (
				357532852825B29A0004D92F /* CategoryRow.swift in Sources */,
				355F7E5928294F44008B33A0 /* Profile.swift in Sources */,
				358E0C002820229C00148234 /* ContentView.swift in Sources */,
				357532822825B0270004D92F /* CategoryHome.swift in Sources */,
				35958E28282B43D9008313DC /* FeatureCard.swift in Sources */,
				351CF5672823E7DA00561AAF /* HikeGraph.swift in Sources */,
				35CCC9FA2822B5AC00FB7B53 /* Badge.swift in Sources */,
				358E0C0E2820257C00148234 /* MapView.swift in Sources */,
				351CF5662823E7DA00561AAF /* GraphCapsule.swift in Sources */,
				358E0BFE2820229C00148234 /* LandmarksApp.swift in Sources */,
				35958E2C282B4AA9008313DC /* PageControl.swift in Sources */,
				3546ABC928204F2500F34B01 /* FavoriteButton.swift in Sources */,
				357532872825B4080004D92F /* CategoryItem.swift in Sources */,
				351CF5682823E7DA00561AAF /* HikeDetail.swift in Sources */,
				355F7E5E282953E1008B33A0 /* ProfileSummary.swift in Sources */,
				35CCC9F22822AD8B00FB7B53 /* HexagonParameters.swift in Sources */,
				355F7E5C28294F9A008B33A0 /* ProfileHost.swift in Sources */,
				351CF5602823E6FF00561AAF /* Hike.swift in Sources */,
				35CCC9F82822B51F00FB7B53 /* RotatedBadgeSymbol.swift in Sources */,
				35958E2A282B4573008313DC /* PageView.swift in Sources */,
				35CCC9F62822B44700FB7B53 /* BadgeSymbol.swift in Sources */,
				355F7E6228295AF3008B33A0 /* ProfileEditor.swift in Sources */,
				358E0C1B282029ED00148234 /* LandmarkList.swift in Sources */,
				351CF5692823E7DA00561AAF /* HikeView.swift in Sources */,
				358E0C1D28202A8800148234 /* LandmarkDetail.swift in Sources */,
				35958E26282B415A008313DC /* PageViewController.swift in Sources */,
				35CCC9F42822AEEB00FB7B53 /* BadgeBackground.swift in Sources */,
				355F7E60282954E3008B33A0 /* HikeBadge.swift in Sources */,
				358E0C0C2820251A00148234 /* CircleImage.swift in Sources */,
				358E0C12282026B800148234 /* Landmark.swift in Sources */,
				358E0C192820284600148234 /* LandmarkRow.swift in Sources */,
				358E0C14282027B200148234 /* ModelData.swift in Sources */,
			);
			runOnlyForDeploymentPostprocessing = 0;
		};
/* End PBXSourcesBuildPhase section */

/* Begin XCBuildConfiguration section */
		358E0C062820229D00148234 /* Debug */ = {
			isa = XCBuildConfiguration;
			buildSettings = {
				ALWAYS_SEARCH_USER_PATHS = NO;
				CLANG_ANALYZER_NONNULL = YES;
				CLANG_ANALYZER_NUMBER_OBJECT_CONVERSION = YES_AGGRESSIVE;
				CLANG_CXX_LANGUAGE_STANDARD = "gnu++17";
				CLANG_ENABLE_MODULES = YES;
				CLANG_ENABLE_OBJC_ARC = YES;
				CLANG_ENABLE_OBJC_WEAK = YES;
				CLANG_WARN_BLOCK_CAPTURE_AUTORELEASING = YES;
				CLANG_WARN_BOOL_CONVERSION = YES;
				CLANG_WARN_COMMA = YES;
				CLANG_WARN_CONSTANT_CONVERSION = YES;
				CLANG_WARN_DEPRECATED_OBJC_IMPLEMENTATIONS = YES;
				CLANG_WARN_DIRECT_OBJC_ISA_USAGE = YES_ERROR;
				CLANG_WARN_DOCUMENTATION_COMMENTS = YES;
				CLANG_WARN_EMPTY_BODY = YES;
				CLANG_WARN_ENUM_CONVERSION = YES;
				CLANG_WARN_INFINITE_RECURSION = YES;
				CLANG_WARN_INT_CONVERSION = YES;
				CLANG_WARN_NON_LITERAL_NULL_CONVERSION = YES;
				CLANG_WARN_OBJC_IMPLICIT_RETAIN_SELF = YES;
				CLANG_WARN_OBJC_LITERAL_CONVERSION = YES;
				CLANG_WARN_OBJC_ROOT_CLASS = YES_ERROR;
				CLANG_WARN_QUOTED_INCLUDE_IN_FRAMEWORK_HEADER = YES;
				CLANG_WARN_RANGE_LOOP_ANALYSIS = YES;
				CLANG_WARN_STRICT_PROTOTYPES = YES;
				CLANG_WARN_SUSPICIOUS_MOVE = YES;
				CLANG_WARN_UNGUARDED_AVAILABILITY = YES_AGGRESSIVE;
				CLANG_WARN_UNREACHABLE_CODE = YES;
				CLANG_WARN__DUPLICATE_METHOD_MATCH = YES;
				COPY_PHASE_STRIP = NO;
				DEBUG_INFORMATION_FORMAT = dwarf;
				ENABLE_STRICT_OBJC_MSGSEND = YES;
				ENABLE_TESTABILITY = YES;
				GCC_C_LANGUAGE_STANDARD = gnu11;
				GCC_DYNAMIC_NO_PIC = NO;
				GCC_NO_COMMON_BLOCKS = YES;
				GCC_OPTIMIZATION_LEVEL = 0;
				GCC_PREPROCESSOR_DEFINITIONS = (
					"DEBUG=1",
					"$(inherited)",
				);
				GCC_WARN_64_TO_32_BIT_CONVERSION = YES;
				GCC_WARN_ABOUT_RETURN_TYPE = YES_ERROR;
				GCC_WARN_UNDECLARED_SELECTOR = YES;
				GCC_WARN_UNINITIALIZED_AUTOS = YES_AGGRESSIVE;
				GCC_WARN_UNUSED_FUNCTION = YES;
				GCC_WARN_UNUSED_VARIABLE = YES;
				IPHONEOS_DEPLOYMENT_TARGET = 15.4;
				MTL_ENABLE_DEBUG_INFO = INCLUDE_SOURCE;
				MTL_FAST_MATH = YES;
				ONLY_ACTIVE_ARCH = YES;
				SDKROOT = iphoneos;
				SWIFT_ACTIVE_COMPILATION_CONDITIONS = DEBUG;
				SWIFT_OPTIMIZATION_LEVEL = "-Onone";
			};
			name = Debug;
		};
		358E0C072820229D00148234 /* Release */ = {
			isa = XCBuildConfiguration;
			buildSettings = {
				ALWAYS_SEARCH_USER_PATHS = NO;
				CLANG_ANALYZER_NONNULL = YES;
				CLANG_ANALYZER_NUMBER_OBJECT_CONVERSION = YES_AGGRESSIVE;
				CLANG_CXX_LANGUAGE_STANDARD = "gnu++17";
				CLANG_ENABLE_MODULES = YES;
				CLANG_ENABLE_OBJC_ARC = YES;
				CLANG_ENABLE_OBJC_WEAK = YES;
				CLANG_WARN_BLOCK_CAPTURE_AUTORELEASING = YES;
				CLANG_WARN_BOOL_CONVERSION = YES;
				CLANG_WARN_COMMA = YES;
				CLANG_WARN_CONSTANT_CONVERSION = YES;
				CLANG_WARN_DEPRECATED_OBJC_IMPLEMENTATIONS = YES;
				CLANG_WARN_DIRECT_OBJC_ISA_USAGE = YES_ERROR;
				CLANG_WARN_DOCUMENTATION_COMMENTS = YES;
				CLANG_WARN_EMPTY_BODY = YES;
				CLANG_WARN_ENUM_CONVERSION = YES;
				CLANG_WARN_INFINITE_RECURSION = YES;
				CLANG_WARN_INT_CONVERSION = YES;
				CLANG_WARN_NON_LITERAL_NULL_CONVERSION = YES;
				CLANG_WARN_OBJC_IMPLICIT_RETAIN_SELF = YES;
				CLANG_WARN_OBJC_LITERAL_CONVERSION = YES;
				CLANG_WARN_OBJC_ROOT_CLASS = YES_ERROR;
				CLANG_WARN_QUOTED_INCLUDE_IN_FRAMEWORK_HEADER = YES;
				CLANG_WARN_RANGE_LOOP_ANALYSIS = YES;
				CLANG_WARN_STRICT_PROTOTYPES = YES;
				CLANG_WARN_SUSPICIOUS_MOVE = YES;
				CLANG_WARN_UNGUARDED_AVAILABILITY = YES_AGGRESSIVE;
				CLANG_WARN_UNREACHABLE_CODE = YES;
				CLANG_WARN__DUPLICATE_METHOD_MATCH = YES;
				COPY_PHASE_STRIP = NO;
				DEBUG_INFORMATION_FORMAT = "dwarf-with-dsym";
				ENABLE_NS_ASSERTIONS = NO;
				ENABLE_STRICT_OBJC_MSGSEND = YES;
				GCC_C_LANGUAGE_STANDARD = gnu11;
				GCC_NO_COMMON_BLOCKS = YES;
				GCC_WARN_64_TO_32_BIT_CONVERSION = YES;
				GCC_WARN_ABOUT_RETURN_TYPE = YES_ERROR;
				GCC_WARN_UNDECLARED_SELECTOR = YES;
				GCC_WARN_UNINITIALIZED_AUTOS = YES_AGGRESSIVE;
				GCC_WARN_UNUSED_FUNCTION = YES;
				GCC_WARN_UNUSED_VARIABLE = YES;
				IPHONEOS_DEPLOYMENT_TARGET = 15.4;
				MTL_ENABLE_DEBUG_INFO = NO;
				MTL_FAST_MATH = YES;
				SDKROOT = iphoneos;
				SWIFT_COMPILATION_MODE = wholemodule;
				SWIFT_OPTIMIZATION_LEVEL = "-O";
				VALIDATE_PRODUCT = YES;
			};
			name = Release;
		};
		358E0C092820229D00148234 /* Debug */ = {
			isa = XCBuildConfiguration;
			buildSettings = {
				ASSETCATALOG_COMPILER_APPICON_NAME = AppIcon;
				ASSETCATALOG_COMPILER_GLOBAL_ACCENT_COLOR_NAME = AccentColor;
				CODE_SIGN_STYLE = Automatic;
				CURRENT_PROJECT_VERSION = 1;
				DEVELOPMENT_ASSET_PATHS = "\"Landmarks/Preview Content\"";
				DEVELOPMENT_TEAM = NYFDL7MFX3;
				ENABLE_PREVIEWS = YES;
				GENERATE_INFOPLIST_FILE = YES;
				INFOPLIST_KEY_UIApplicationSceneManifest_Generation = YES;
				INFOPLIST_KEY_UIApplicationSupportsIndirectInputEvents = YES;
				INFOPLIST_KEY_UILaunchScreen_Generation = YES;
				INFOPLIST_KEY_UISupportedInterfaceOrientations_iPad = "UIInterfaceOrientationPortrait UIInterfaceOrientationPortraitUpsideDown UIInterfaceOrientationLandscapeLeft UIInterfaceOrientationLandscapeRight";
				INFOPLIST_KEY_UISupportedInterfaceOrientations_iPhone = "UIInterfaceOrientationPortrait UIInterfaceOrientationLandscapeLeft UIInterfaceOrientationLandscapeRight";
				LD_RUNPATH_SEARCH_PATHS = (
					"$(inherited)",
					"@executable_path/Frameworks",
				);
				MARKETING_VERSION = 1.0;
				PRODUCT_BUNDLE_IDENTIFIER = com.roblesmontanari.Landmarks;
				PRODUCT_NAME = "$(TARGET_NAME)";
				SWIFT_EMIT_LOC_STRINGS = YES;
				SWIFT_VERSION = 5.0;
				TARGETED_DEVICE_FAMILY = "1,2";
			};
			name = Debug;
		};
		358E0C0A2820229D00148234 /* Release */ = {
			isa = XCBuildConfiguration;
			buildSettings = {
				ASSETCATALOG_COMPILER_APPICON_NAME = AppIcon;
				ASSETCATALOG_COMPILER_GLOBAL_ACCENT_COLOR_NAME = AccentColor;
				CODE_SIGN_STYLE = Automatic;
				CURRENT_PROJECT_VERSION = 1;
				DEVELOPMENT_ASSET_PATHS = "\"Landmarks/Preview Content\"";
				DEVELOPMENT_TEAM = NYFDL7MFX3;
				ENABLE_PREVIEWS = YES;
				GENERATE_INFOPLIST_FILE = YES;
				INFOPLIST_KEY_UIApplicationSceneManifest_Generation = YES;
				INFOPLIST_KEY_UIApplicationSupportsIndirectInputEvents = YES;
				INFOPLIST_KEY_UILaunchScreen_Generation = YES;
				INFOPLIST_KEY_UISupportedInterfaceOrientations_iPad = "UIInterfaceOrientationPortrait UIInterfaceOrientationPortraitUpsideDown UIInterfaceOrientationLandscapeLeft UIInterfaceOrientationLandscapeRight";
				INFOPLIST_KEY_UISupportedInterfaceOrientations_iPhone = "UIInterfaceOrientationPortrait UIInterfaceOrientationLandscapeLeft UIInterfaceOrientationLandscapeRight";
				LD_RUNPATH_SEARCH_PATHS = (
					"$(inherited)",
					"@executable_path/Frameworks",
				);
				MARKETING_VERSION = 1.0;
				PRODUCT_BUNDLE_IDENTIFIER = com.roblesmontanari.Landmarks;
				PRODUCT_NAME = "$(TARGET_NAME)";
				SWIFT_EMIT_LOC_STRINGS = YES;
				SWIFT_VERSION = 5.0;
				TARGETED_DEVICE_FAMILY = "1,2";
			};
			name = Release;
		};
/* End XCBuildConfiguration section */

/* Begin XCConfigurationList section */
		358E0BF52820229C00148234 /* Build configuration list for PBXProject "Landmarks" */ = {
			isa = XCConfigurationList;
			buildConfigurations = (
				358E0C062820229D00148234 /* Debug */,
				358E0C072820229D00148234 /* Release */,
			);
			defaultConfigurationIsVisible = 0;
			defaultConfigurationName = Release;
		};
		358E0C082820229D00148234 /* Build configuration list for PBXNativeTarget "Landmarks" */ = {
			isa = XCConfigurationList;
			buildConfigurations = (
				358E0C092820229D00148234 /* Debug */,
				358E0C0A2820229D00148234 /* Release */,
			);
			defaultConfigurationIsVisible = 0;
			defaultConfigurationName = Release;
		};
/* End XCConfigurationList section */
	};
	rootObject = 358E0BF22820229C00148234 /* Project object */;
}
